version = 1
revision = 3
requires-python = ">=3.10, <4"

[[package]]
name = "check-unattended-upgrades"
version = "0.1.0"
source = { editable = "." }
dependencies = [
    { name = "nagiosplugin" },
]

[package.dev-dependencies]
dev = [
    { name = "freezegun" },
    { name = "mypy" },
    { name = "nagiosplugin-stubs" },
    { name = "pytest" },
    { name = "types-freezegun" },
]

[package.metadata]
requires-dist = [{ name = "nagiosplugin", specifier = ">=1.3,<2" }]

[package.metadata.requires-dev]
dev = [
    { name = "freezegun", specifier = ">=1.5.5" },
    { name = "mypy", specifier = ">=1.11.2" },
    { name = "nagiosplugin-stubs", specifier = ">=0.6.4" },
    { name = "pytest", specifier = ">=9.0.2" },
    { name = "types-freezegun", specifier = ">=1.1.10" },
]

[[package]]
name = "colorama"
version = "0.4.6"
source = { registry = "https://pypi.org/simple" }
sdist = { url = "https://files.pythonhosted.org/packages/d8/53/6f443c9a4a8358a93a6792e2acffb9d9d5cb0a5cfd8802644b7b1c9a02e4/colorama-0.4.6.tar.gz", hash = "sha256:08695f5cb7ed6e0531a20572697297273c47b8cae5a63ffc6d6ed5c201be6e44", size = 27697, upload-time = "2022-10-25T02:36:22.414Z" }
wheels = [
    { url = "https://files.pythonhosted.org/packages/d1/d6/3965ed04c63042e047cb6a3e6ed1a63a35087b6a609aa3a15ed8ac56c221/colorama-0.4.6-py2.py3-none-any.whl", hash = "sha256:4f1d9991f5acc0ca119f9d443620b77f9d6b33703e51011c16baf57afb285fc6", size = 25335, upload-time = "2022-10-25T02:36:20.889Z" },
]

[[package]]
name = "exceptiongroup"
version = "1.3.1"
source = { registry = "https://pypi.org/simple" }
dependencies = [
    { name = "typing-extensions", marker = "python_full_version < '3.13'" },
]
sdist = { url = "https://files.pythonhosted.org/packages/50/79/66800aadf48771f6b62f7eb014e352e5d06856655206165d775e675a02c9/exceptiongroup-1.3.1.tar.gz", hash = "sha256:8b412432c6055b0b7d14c310000ae93352ed6754f70fa8f7c34141f91c4e3219", size = 30371, upload-time = "2025-11-21T23:01:54.787Z" }
wheels = [
    { url = "https://files.pythonhosted.org/packages/8a/0e/97c33bf5009bdbac74fd2beace167cab3f978feb69cc36f1ef79360d6c4e/exceptiongroup-1.3.1-py3-none-any.whl", hash = "sha256:a7a39a3bd276781e98394987d3a5701d0c4edffb633bb7a5144577f82c773598", size = 16740, upload-time = "2025-11-21T23:01:53.443Z" },
]

[[package]]
name = "freezegun"
version = "1.5.5"
source = { registry = "https://pypi.org/simple" }
dependencies = [
    { name = "python-dateutil" },
]
sdist = { url = "https://files.pythonhosted.org/packages/95/dd/23e2f4e357f8fd3bdff613c1fe4466d21bfb00a6177f238079b17f7b1c84/freezegun-1.5.5.tar.gz", hash = "sha256:ac7742a6cc6c25a2c35e9292dfd554b897b517d2dec26891a2e8debf205cb94a", size = 35914, upload-time = "2025-08-09T10:39:08.338Z" }
wheels = [
    { url = "https://files.pythonhosted.org/packages/5e/2e/b41d8a1a917d6581fc27a35d05561037b048e47df50f27f8ac9c7e27a710/freezegun-1.5.5-py3-none-any.whl", hash = "sha256:cd557f4a75cf074e84bc374249b9dd491eaeacd61376b9eb3c423282211619d2", size = 19266, upload-time = "2025-08-09T10:39:06.636Z" },
]

[[package]]
name = "iniconfig"
version = "2.3.0"
source = { registry = "https://pypi.org/simple" }
sdist = { url = "https://files.pythonhosted.org/packages/72/34/14ca021ce8e5dfedc35312d08ba8bf51fdd999c576889fc2c24cb97f4f10/iniconfig-2.3.0.tar.gz", hash = "sha256:c76315c77db068650d49c5b56314774a7804df16fee4402c1f19d6d15d8c4730", size = 20503, upload-time = "2025-10-18T21:55:43.219Z" }
wheels = [
    { url = "https://files.pythonhosted.org/packages/cb/b1/3846dd7f199d53cb17f49cba7e651e9ce294d8497c8c150530ed11865bb8/iniconfig-2.3.0-py3-none-any.whl", hash = "sha256:f631c04d2c48c52b84d0d0549c99ff3859c98df65b3101406327ecc7d53fbf12", size = 7484, upload-time = "2025-10-18T21:55:41.639Z" },
]

[[package]]
name = "mypy"
version = "1.11.2"
source = { registry = "https://pypi.org/simple" }
dependencies = [
    { name = "mypy-extensions" },
    { name = "tomli", marker = "python_full_version < '3.11'" },
    { name = "typing-extensions" },
]
sdist = { url = "https://files.pythonhosted.org/packages/5c/86/5d7cbc4974fd564550b80fbb8103c05501ea11aa7835edf3351d90095896/mypy-1.11.2.tar.gz", hash = "sha256:7f9993ad3e0ffdc95c2a14b66dee63729f021968bff8ad911867579c65d13a79", size = 3078806, upload-time = "2024-08-24T22:50:11.357Z" }
wheels = [
    { url = "https://files.pythonhosted.org/packages/78/cd/815368cd83c3a31873e5e55b317551500b12f2d1d7549720632f32630333/mypy-1.11.2-cp310-cp310-macosx_10_9_x86_64.whl", hash = "sha256:d42a6dd818ffce7be66cce644f1dff482f1d97c53ca70908dff0b9ddc120b77a", size = 10939401, upload-time = "2024-08-24T22:49:18.929Z" },
    { url = "https://files.pythonhosted.org/packages/f1/27/e18c93a195d2fad75eb96e1f1cbc431842c332e8eba2e2b77eaf7313c6b7/mypy-1.11.2-cp310-cp310-macosx_11_0_arm64.whl", hash = "sha256:801780c56d1cdb896eacd5619a83e427ce436d86a3bdf9112527f24a66618fef", size = 10111697, upload-time = "2024-08-24T22:49:32.504Z" },
    { url = "https://files.pythonhosted.org/packages/dc/08/cdc1fc6d0d5a67d354741344cc4aa7d53f7128902ebcbe699ddd4f15a61c/mypy-1.11.2-cp310-cp310-manylinux_2_17_x86_64.manylinux2014_x86_64.manylinux_2_28_x86_64.whl", hash = "sha256:41ea707d036a5307ac674ea172875f40c9d55c5394f888b168033177fce47383", size = 12500508, upload-time = "2024-08-24T22:49:12.327Z" },
    { url = "https://files.pythonhosted.org/packages/64/12/aad3af008c92c2d5d0720ea3b6674ba94a98cdb86888d389acdb5f218c30/mypy-1.11.2-cp310-cp310-musllinux_1_1_x86_64.whl", hash = "sha256:6e658bd2d20565ea86da7d91331b0eed6d2eee22dc031579e6297f3e12c758c8", size = 13020712, upload-time = "2024-08-24T22:49:49.399Z" },
    { url = "https://files.pythonhosted.org/packages/03/e6/a7d97cc124a565be5e9b7d5c2a6ebf082379ffba99646e4863ed5bbcb3c3/mypy-1.11.2-cp310-cp310-win_amd64.whl", hash = "sha256:478db5f5036817fe45adb7332d927daa62417159d49783041338921dcf646fc7", size = 9567319, upload-time = "2024-08-24T22:49:26.88Z" },
    { url = "https://files.pythonhosted.org/packages/e2/aa/cc56fb53ebe14c64f1fe91d32d838d6f4db948b9494e200d2f61b820b85d/mypy-1.11.2-cp311-cp311-macosx_10_9_x86_64.whl", hash = "sha256:75746e06d5fa1e91bfd5432448d00d34593b52e7e91a187d981d08d1f33d4385", size = 10859630, upload-time = "2024-08-24T22:49:51.895Z" },
    { url = "https://files.pythonhosted.org/packages/04/c8/b19a760fab491c22c51975cf74e3d253b8c8ce2be7afaa2490fbf95a8c59/mypy-1.11.2-cp311-cp311-macosx_11_0_arm64.whl", hash = "sha256:a976775ab2256aadc6add633d44f100a2517d2388906ec4f13231fafbb0eccca", size = 10037973, upload-time = "2024-08-24T22:49:21.428Z" },
    { url = "https://files.pythonhosted.org/packages/88/57/7e7e39f2619c8f74a22efb9a4c4eff32b09d3798335625a124436d121d89/mypy-1.11.2-cp311-cp311-manylinux_2_17_x86_64.manylinux2014_x86_64.manylinux_2_28_x86_64.whl", hash = "sha256:cd953f221ac1379050a8a646585a29574488974f79d8082cedef62744f0a0104", size = 12416659, upload-time = "2024-08-24T22:49:35.02Z" },
    { url = "https://files.pythonhosted.org/packages/fc/a6/37f7544666b63a27e46c48f49caeee388bf3ce95f9c570eb5cfba5234405/mypy-1.11.2-cp311-cp311-musllinux_1_1_x86_64.whl", hash = "sha256:57555a7715c0a34421013144a33d280e73c08df70f3a18a552938587ce9274f4", size = 12897010, upload-time = "2024-08-24T22:49:29.725Z" },
    { url = "https://files.pythonhosted.org/packages/84/8b/459a513badc4d34acb31c736a0101c22d2bd0697b969796ad93294165cfb/mypy-1.11.2-cp311-cp311-win_amd64.whl", hash = "sha256:36383a4fcbad95f2657642a07ba22ff797de26277158f1cc7bd234821468b1b6", size = 9562873, upload-time = "2024-08-24T22:49:40.448Z" },
    { url = "https://files.pythonhosted.org/packages/35/3a/ed7b12ecc3f6db2f664ccf85cb2e004d3e90bec928e9d7be6aa2f16b7cdf/mypy-1.11.2-cp312-cp312-macosx_10_9_x86_64.whl", hash = "sha256:e8960dbbbf36906c5c0b7f4fbf2f0c7ffb20f4898e6a879fcf56a41a08b0d318", size = 10990335, upload-time = "2024-08-24T22:49:54.245Z" },
    { url = "https://files.pythonhosted.org/packages/04/e4/1a9051e2ef10296d206519f1df13d2cc896aea39e8683302f89bf5792a59/mypy-1.11.2-cp312-cp312-macosx_11_0_arm64.whl", hash = "sha256:06d26c277962f3fb50e13044674aa10553981ae514288cb7d0a738f495550b36", size = 10007119, upload-time = "2024-08-24T22:49:03.451Z" },
    { url = "https://files.pythonhosted.org/packages/f3/3c/350a9da895f8a7e87ade0028b962be0252d152e0c2fbaafa6f0658b4d0d4/mypy-1.11.2-cp312-cp312-manylinux_2_17_x86_64.manylinux2014_x86_64.manylinux_2_28_x86_64.whl", hash = "sha256:6e7184632d89d677973a14d00ae4d03214c8bc301ceefcdaf5c474866814c987", size = 12506856, upload-time = "2024-08-24T22:50:08.804Z" },
    { url = "https://files.pythonhosted.org/packages/b6/49/ee5adf6a49ff13f4202d949544d3d08abb0ea1f3e7f2a6d5b4c10ba0360a/mypy-1.11.2-cp312-cp312-musllinux_1_1_x86_64.whl", hash = "sha256:3a66169b92452f72117e2da3a576087025449018afc2d8e9bfe5ffab865709ca", size = 12952066, upload-time = "2024-08-24T22:50:03.89Z" },
    { url = "https://files.pythonhosted.org/packages/27/c0/b19d709a42b24004d720db37446a42abadf844d5c46a2c442e2a074d70d9/mypy-1.11.2-cp312-cp312-win_amd64.whl", hash = "sha256:969ea3ef09617aff826885a22ece0ddef69d95852cdad2f60c8bb06bf1f71f70", size = 9664000, upload-time = "2024-08-24T22:49:59.703Z" },
    { url = "https://files.pythonhosted.org/packages/42/3a/bdf730640ac523229dd6578e8a581795720a9321399de494374afc437ec5/mypy-1.11.2-py3-none-any.whl", hash = "sha256:b499bc07dbdcd3de92b0a8b29fdf592c111276f6a12fe29c30f6c417dd546d12", size = 2619625, upload-time = "2024-08-24T22:50:01.842Z" },
]

[[package]]
name = "mypy-extensions"
version = "1.0.0"
source = { registry = "https://pypi.org/simple" }
sdist = { url = "https://files.pythonhosted.org/packages/98/a4/1ab47638b92648243faf97a5aeb6ea83059cc3624972ab6b8d2316078d3f/mypy_extensions-1.0.0.tar.gz", hash = "sha256:75dbf8955dc00442a438fc4d0666508a9a97b6bd41aa2f0ffe9d2f2725af0782", size = 4433, upload-time = "2023-02-04T12:11:27.157Z" }
wheels = [
    { url = "https://files.pythonhosted.org/packages/2a/e2/5d3f6ada4297caebe1a2add3b126fe800c96f56dbe5d1988a2cbe0b267aa/mypy_extensions-1.0.0-py3-none-any.whl", hash = "sha256:4392f6c0eb8a5668a69e23d168ffa70f0be9ccfd32b5cc2d26a34ae5b844552d", size = 4695, upload-time = "2023-02-04T12:11:25.002Z" },
]

[[package]]
name = "nagiosplugin"
version = "1.3.3"
source = { registry = "https://pypi.org/simple" }
sdist = { url = "https://files.pythonhosted.org/packages/63/fd/28a46894ff4451f6885b826d20885a53810f81ff4fa79f4f3c1e0e0d33ec/nagiosplugin-1.3.3.tar.gz", hash = "sha256:bceafaec359f032393ddd560ae2cc8d163613833ec63c93ce7189f85904e53d6", size = 3119586, upload-time = "2022-02-07T19:39:09.263Z" }
wheels = [
    { url = "https://files.pythonhosted.org/packages/d0/21/6145a5f86da5da6d612c182bc057e92908a603e09f8b84f2d846b8ce1278/nagiosplugin-1.3.3-py3-none-any.whl", hash = "sha256:e46b21c0d5e4ca80883a63c2732640df2ceb58743f6a021f9a59ba3ec7f8cd89", size = 37328, upload-time = "2022-02-07T19:39:04.826Z" },
]

[[package]]
name = "nagiosplugin-stubs"
version = "0.6.4"
source = { registry = "https://pypi.org/simple" }
dependencies = [
    { name = "typing-extensions" },
]
sdist = { url = "https://files.pythonhosted.org/packages/07/4c/3e05ac23156c36efb2a3a7005386d103c36a59548fac9ba7b1c29ca6bf89/nagiosplugin_stubs-0.6.4.tar.gz", hash = "sha256:7b96187ca485b790c81234676652c3ec2065019bd3f28cfa127ea601f4b49b6f", size = 5329, upload-time = "2024-03-03T10:46:12.284Z" }
wheels = [
    { url = "https://files.pythonhosted.org/packages/79/65/cb551bd8ec588c111421f96c84c6c5de2530025d87bb519781999e915ad8/nagiosplugin_stubs-0.6.4-py3-none-any.whl", hash = "sha256:938219e2697d55545dca441aec8987c8b733188ef6895c747300f8ff70518a7a", size = 9939, upload-time = "2024-03-03T10:46:10.653Z" },
]

[[package]]
name = "packaging"
version = "26.0"
source = { registry = "https://pypi.org/simple" }
sdist = { url = "https://files.pythonhosted.org/packages/65/ee/299d360cdc32edc7d2cf530f3accf79c4fca01e96ffc950d8a52213bd8e4/packaging-26.0.tar.gz", hash = "sha256:00243ae351a257117b6a241061796684b084ed1c516a08c48a3f7e147a9d80b4", size = 143416, upload-time = "2026-01-21T20:50:39.064Z" }
wheels = [
    { url = "https://files.pythonhosted.org/packages/b7/b9/c538f279a4e237a006a2c98387d081e9eb060d203d8ed34467cc0f0b9b53/packaging-26.0-py3-none-any.whl", hash = "sha256:b36f1fef9334a5588b4166f8bcd26a14e521f2b55e6b9de3aaa80d3ff7a37529", size = 74366, upload-time = "2026-01-21T20:50:37.788Z" },
]

[[package]]
name = "pluggy"
version = "1.6.0"
source = { registry = "https://pypi.org/simple" }
sdist = { url = "https://files.pythonhosted.org/packages/f9/e2/3e91f31a7d2b083fe6ef3fa267035b518369d9511ffab804f839851d2779/pluggy-1.6.0.tar.gz", hash = "sha256:7dcc130b76258d33b90f61b658791dede3486c3e6bfb003ee5c9bfb396dd22f3", size = 69412, upload-time = "2025-05-15T12:30:07.975Z" }
wheels = [
    { url = "https://files.pythonhosted.org/packages/54/20/4d324d65cc6d9205fabedc306948156824eb9f0ee1633355a8f7ec5c66bf/pluggy-1.6.0-py3-none-any.whl", hash = "sha256:e920276dd6813095e9377c0bc5566d94c932c33b27a3e3945d8389c374dd4746", size = 20538, upload-time = "2025-05-15T12:30:06.134Z" },
]

[[package]]
name = "pygments"
version = "2.19.2"
source = { registry = "https://pypi.org/simple" }
sdist = { url = "https://files.pythonhosted.org/packages/b0/77/a5b8c569bf593b0140bde72ea885a803b82086995367bf2037de0159d924/pygments-2.19.2.tar.gz", hash = "sha256:636cb2477cec7f8952536970bc533bc43743542f70392ae026374600add5b887", size = 4968631, upload-time = "2025-06-21T13:39:12.283Z" }
wheels = [
    { url = "https://files.pythonhosted.org/packages/c7/21/705964c7812476f378728bdf590ca4b771ec72385c533964653c68e86bdc/pygments-2.19.2-py3-none-any.whl", hash = "sha256:86540386c03d588bb81d44bc3928634ff26449851e99741617ecb9037ee5ec0b", size = 1225217, upload-time = "2025-06-21T13:39:07.939Z" },
]

[[package]]
name = "pytest"
version = "9.0.2"
source = { registry = "https://pypi.org/simple" }
dependencies = [
    { name = "colorama", marker = "sys_platform == 'win32'" },
    { name = "exceptiongroup", marker = "python_full_version < '3.11'" },
    { name = "iniconfig" },
    { name = "packaging" },
    { name = "pluggy" },
    { name = "pygments" },
    { name = "tomli", marker = "python_full_version < '3.11'" },
]
sdist = { url = "https://files.pythonhosted.org/packages/d1/db/7ef3487e0fb0049ddb5ce41d3a49c235bf9ad299b6a25d5780a89f19230f/pytest-9.0.2.tar.gz", hash = "sha256:75186651a92bd89611d1d9fc20f0b4345fd827c41ccd5c299a868a05d70edf11", size = 1568901, upload-time = "2025-12-06T21:30:51.014Z" }
wheels = [
    { url = "https://files.pythonhosted.org/packages/3b/ab/b3226f0bd7cdcf710fbede2b3548584366da3b19b5021e74f5bde2a8fa3f/pytest-9.0.2-py3-none-any.whl", hash = "sha256:711ffd45bf766d5264d487b917733b453d917afd2b0ad65223959f59089f875b", size = 374801, upload-time = "2025-12-06T21:30:49.154Z" },
]

[[package]]
name = "python-dateutil"
version = "2.9.0.post0"
source = { registry = "https://pypi.org/simple" }
dependencies = [
    { name = "six" },
]
sdist = { url = "https://files.pythonhosted.org/packages/66/c0/0c8b6ad9f17a802ee498c46e004a0eb49bc148f2fd230864601a86dcf6db/python-dateutil-2.9.0.post0.tar.gz", hash = "sha256:37dd54208da7e1cd875388217d5e00ebd4179249f90fb72437e91a35459a0ad3", size = 342432, upload-time = "2024-03-01T18:36:20.211Z" }
wheels = [
    { url = "https://files.pythonhosted.org/packages/ec/57/56b9bcc3c9c6a792fcbaf139543cee77261f3651ca9da0c93f5c1221264b/python_dateutil-2.9.0.post0-py2.py3-none-any.whl", hash = "sha256:a8b2bc7bffae282281c8140a97d3aa9c14da0b136dfe83f850eea9a5f7470427", size = 229892, upload-time = "2024-03-01T18:36:18.57Z" },
]

[[package]]
name = "six"
version = "1.17.0"
source = { registry = "https://pypi.org/simple" }
sdist = { url = "https://files.pythonhosted.org/packages/94/e7/b2c673351809dca68a0e064b6af791aa332cf192da575fd474ed7d6f16a2/six-1.17.0.tar.gz", hash = "sha256:ff70335d468e7eb6ec65b95b99d3a2836546063f63acc5171de367e834932a81", size = 34031, upload-time = "2024-12-04T17:35:28.174Z" }
wheels = [
    { url = "https://files.pythonhosted.org/packages/b7/ce/149a00dd41f10bc29e5921b496af8b574d8413afcd5e30dfa0ed46c2cc5e/six-1.17.0-py2.py3-none-any.whl", hash = "sha256:4721f391ed90541fddacab5acf947aa0d3dc7d27b2e1e8eda2be8970586c3274", size = 11050, upload-time = "2024-12-04T17:35:26.475Z" },
]

[[package]]
name = "tomli"
version = "2.0.1"
source = { registry = "https://pypi.org/simple" }
sdist = { url = "https://files.pythonhosted.org/packages/c0/3f/d7af728f075fb08564c5949a9c95e44352e23dee646869fa104a3b2060a3/tomli-2.0.1.tar.gz", hash = "sha256:de526c12914f0c550d15924c62d72abc48d6fe7364aa87328337a31007fe8a4f", size = 15164, upload-time = "2022-02-08T10:54:04.006Z" }
wheels = [
    { url = "https://files.pythonhosted.org/packages/97/75/10a9ebee3fd790d20926a90a2547f0bf78f371b2f13aa822c759680ca7b9/tomli-2.0.1-py3-none-any.whl", hash = "sha256:939de3e7a6161af0c887ef91b7d41a53e7c5a1ca976325f429cb46ea9bc30ecc", size = 12757, upload-time = "2022-02-08T10:54:02.017Z" },
]

[[package]]
name = "types-freezegun"
version = "1.1.10"
source = { registry = "https://pypi.org/simple" }
sdist = { url = "https://files.pythonhosted.org/packages/31/0d/2a0485b7f693437570da1b005cbc06748252d24a5a24e521a0bcf4f8912e/types-freezegun-1.1.10.tar.gz", hash = "sha256:cb3a2d2eee950eacbaac0673ab50499823365ceb8c655babb1544a41446409ec", size = 2861, upload-time = "2022-06-09T09:19:19.568Z" }
wheels = [
    { url = "https://files.pythonhosted.org/packages/96/48/3380ecdafe5646f4e9e31814297073aeb6929c474212377189cbee228b50/types_freezegun-1.1.10-py3-none-any.whl", hash = "sha256:fadebe72213e0674036153366205038e1f95c8ca96deb4ef9b71ddc15413543e", size = 2904, upload-time = "2022-06-09T09:19:17.892Z" },
]

[[package]]
name = "typing-extensions"
version = "4.12.2"
source = { registry = "https://pypi.org/simple" }
sdist = { url = "https://files.pythonhosted.org/packages/df/db/f35a00659bc03fec321ba8bce9420de607a1d37f8342eee1863174c69557/typing_extensions-4.12.2.tar.gz", hash = "sha256:1a7ead55c7e559dd4dee8856e3a88b41225abfe1ce8df57b7c13915fe121ffb8", size = 85321, upload-time = "2024-06-07T18:52:15.995Z" }
wheels = [
    { url = "https://files.pythonhosted.org/packages/26/9f/ad63fc0248c5379346306f8668cda6e2e2e9c95e01216d2b8ffd9ff037d0/typing_extensions-4.12.2-py3-none-any.whl", hash = "sha256:04e5ca0351e0f3f85c6853954072df659d0d13fac324d0072316b67d7794700d", size = 37438, upload-time = "2024-06-07T18:52:13.582Z" },
]
